<?xml version="1.0" encoding="utf-8"?>
<Project ToolsVersion="4.0" xmlns="http://schemas.microsoft.com/developer/msbuild/2003">
  <ItemGroup>
    <ClCompile Include="p2Log.cpp">
      <Filter>Programacio 2 ===========</Filter>
    </ClCompile>
    <ClCompile Include="j1Entity.cpp">
      <Filter>Desenvolupament  ========\Modules\Entities</Filter>
    </ClCompile>
    <ClCompile Include="j1EntityManager.cpp">
      <Filter>Desenvolupament  ========\Modules\Entities</Filter>
    </ClCompile>
    <ClCompile Include="j1Player.cpp">
      <Filter>Desenvolupament  ========\Modules\Entities\Players</Filter>
    </ClCompile>
    <ClCompile Include="PugiXml\src\pugixml.cpp">
      <Filter>Desenvolupament  ========\Tools\PuguiXML</Filter>
    </ClCompile>
    <ClCompile Include="j1PerfTimer.cpp">
      <Filter>Desenvolupament  ========\Tools</Filter>
    </ClCompile>
    <ClCompile Include="j1Timer.cpp">
      <Filter>Desenvolupament  ========\Tools</Filter>
    </ClCompile>
    <ClCompile Include="j1Scene.cpp">
      <Filter>Desenvolupament  ========\Modules\Scenes</Filter>
    </ClCompile>
    <ClCompile Include="j1App.cpp">
      <Filter>Desenvolupament  ========\Core</Filter>
    </ClCompile>
    <ClCompile Include="j1Main.cpp">
      <Filter>Desenvolupament  ========\Core</Filter>
    </ClCompile>
    <ClCompile Include="j1Collisions.cpp">
      <Filter>Desenvolupament  ========\Modules\Interactions</Filter>
    </ClCompile>
    <ClCompile Include="j1FadeScene.cpp">
      <Filter>Desenvolupament  ========\Modules\Interactions</Filter>
    </ClCompile>
    <ClCompile Include="j1Input.cpp">
      <Filter>Desenvolupament  ========\Modules\Interactions</Filter>
    </ClCompile>
    <ClCompile Include="j1Pathfinding.cpp">
      <Filter>Desenvolupament  ========\Modules\Interactions</Filter>
    </ClCompile>
    <ClCompile Include="j1Render.cpp">
      <Filter>Desenvolupament  ========\Modules\Multimedia</Filter>
    </ClCompile>
    <ClCompile Include="j1Textures.cpp">
      <Filter>Desenvolupament  ========\Modules\Multimedia</Filter>
    </ClCompile>
    <ClCompile Include="j1Window.cpp">
      <Filter>Desenvolupament  ========\Modules\Multimedia</Filter>
    </ClCompile>
    <ClCompile Include="j1Audio.cpp">
      <Filter>Desenvolupament  ========\Modules\Multimedia</Filter>
    </ClCompile>
    <ClCompile Include="j1Player1.cpp">
      <Filter>Desenvolupament  ========\Modules\Entities\Players</Filter>
    </ClCompile>
    <ClCompile Include="j1Player2.cpp">
      <Filter>Desenvolupament  ========\Modules\Entities\Players</Filter>
    </ClCompile>
    <ClCompile Include="j1Enemy.cpp">
      <Filter>Desenvolupament  ========\Modules\Entities\Enemies</Filter>
    </ClCompile>
    <ClCompile Include="j1Mecha.cpp">
      <Filter>Desenvolupament  ========\Modules\Entities\Enemies</Filter>
    </ClCompile>
    <ClCompile Include="j1Map.cpp">
      <Filter>Desenvolupament  ========\Modules\Map</Filter>
    </ClCompile>
    <ClCompile Include="j1Alien.cpp">
      <Filter>Desenvolupament  ========\Modules\Entities\Enemies</Filter>
    </ClCompile>
    <ClCompile Include="mmgr\mmgr.cpp">
      <Filter>Desenvolupament  ========\Sources</Filter>
    </ClCompile>
    <ClCompile Include="j1Coin.cpp">
      <Filter>Desenvolupament  ========\Modules\Entities\Items</Filter>
    </ClCompile>
    <ClCompile Include="j1Console.cpp">
      <Filter>Desenvolupament  ========\Modules\UI</Filter>
    </ClCompile>
    <ClCompile Include="j1Gui.cpp">
      <Filter>Desenvolupament  ========\Modules\UI</Filter>
    </ClCompile>
    <ClCompile Include="UI.cpp">
      <Filter>Desenvolupament  ========\Modules\UI</Filter>
    </ClCompile>
    <ClCompile Include="UI_Button.cpp">
      <Filter>Desenvolupament  ========\Modules\UI</Filter>
    </ClCompile>
    <ClCompile Include="UI_Image.cpp">
      <Filter>Desenvolupament  ========\Modules\UI</Filter>
    </ClCompile>
    <ClCompile Include="UI_InputBox.cpp">
      <Filter>Desenvolupament  ========\Modules\UI</Filter>
    </ClCompile>
    <ClCompile Include="UI_Scrollbar.cpp">
      <Filter>Desenvolupament  ========\Modules\UI</Filter>
    </ClCompile>
    <ClCompile Include="UI_Text.cpp">
      <Filter>Desenvolupament  ========\Modules\UI</Filter>
    </ClCompile>
    <ClCompile Include="j1Fonts.cpp">
      <Filter>Desenvolupament  ========\Modules\Multimedia</Filter>
    </ClCompile>
  </ItemGroup>
  <ItemGroup>
    <ClInclude Include="p2Defs.h">
      <Filter>Programacio 2 ===========</Filter>
    </ClInclude>
    <ClInclude Include="p2DynArray.h">
      <Filter>Programacio 2 ===========</Filter>
    </ClInclude>
    <ClInclude Include="p2List.h">
      <Filter>Programacio 2 ===========</Filter>
    </ClInclude>
    <ClInclude Include="p2Log.h">
      <Filter>Programacio 2 ===========</Filter>
    </ClInclude>
    <ClInclude Include="p2Point.h">
      <Filter>Programacio 2 ===========</Filter>
    </ClInclude>
    <ClInclude Include="p2SString.h">
      <Filter>Programacio 2 ===========</Filter>
    </ClInclude>
    <ClInclude Include="j1Entity.h">
      <Filter>Desenvolupament  ========\Modules\Entities</Filter>
    </ClInclude>
    <ClInclude Include="j1EntityManager.h">
      <Filter>Desenvolupament  ========\Modules\Entities</Filter>
    </ClInclude>
    <ClInclude Include="j1Player.h">
      <Filter>Desenvolupament  ========\Modules\Entities\Players</Filter>
    </ClInclude>
    <ClInclude Include="PugiXml\src\pugiconfig.hpp">
      <Filter>Desenvolupament  ========\Tools\PuguiXML</Filter>
    </ClInclude>
    <ClInclude Include="PugiXml\src\pugixml.hpp">
      <Filter>Desenvolupament  ========\Tools\PuguiXML</Filter>
    </ClInclude>
    <ClInclude Include="j1PerfTimer.h">
      <Filter>Desenvolupament  ========\Tools</Filter>
    </ClInclude>
    <ClInclude Include="j1Timer.h">
      <Filter>Desenvolupament  ========\Tools</Filter>
    </ClInclude>
    <ClInclude Include="j1Scene.h">
      <Filter>Desenvolupament  ========\Modules\Scenes</Filter>
    </ClInclude>
    <ClInclude Include="j1Module.h">
      <Filter>Desenvolupament  ========\Core</Filter>
    </ClInclude>
    <ClInclude Include="j1App.h">
      <Filter>Desenvolupament  ========\Core</Filter>
    </ClInclude>
    <ClInclude Include="j1Collisions.h">
      <Filter>Desenvolupament  ========\Modules\Interactions</Filter>
    </ClInclude>
    <ClInclude Include="j1FadeScene.h">
      <Filter>Desenvolupament  ========\Modules\Interactions</Filter>
    </ClInclude>
    <ClInclude Include="j1Input.h">
      <Filter>Desenvolupament  ========\Modules\Interactions</Filter>
    </ClInclude>
    <ClInclude Include="j1Pathfinding.h">
      <Filter>Desenvolupament  ========\Modules\Interactions</Filter>
    </ClInclude>
    <ClInclude Include="j1Render.h">
      <Filter>Desenvolupament  ========\Modules\Multimedia</Filter>
    </ClInclude>
    <ClInclude Include="j1Textures.h">
      <Filter>Desenvolupament  ========\Modules\Multimedia</Filter>
    </ClInclude>
    <ClInclude Include="j1Window.h">
      <Filter>Desenvolupament  ========\Modules\Multimedia</Filter>
    </ClInclude>
    <ClInclude Include="j1Audio.h">
      <Filter>Desenvolupament  ========\Modules\Multimedia</Filter>
    </ClInclude>
    <ClInclude Include="Animation.h">
      <Filter>Programacio 2 ===========</Filter>
    </ClInclude>
    <ClInclude Include="j1Player2.h">
      <Filter>Desenvolupament  ========\Modules\Entities\Players</Filter>
    </ClInclude>
    <ClInclude Include="j1Player1.h">
      <Filter>Desenvolupament  ========\Modules\Entities\Players</Filter>
    </ClInclude>
    <ClInclude Include="j1Enemy.h">
      <Filter>Desenvolupament  ========\Modules\Entities\Enemies</Filter>
    </ClInclude>
    <ClInclude Include="j1Mecha.h">
      <Filter>Desenvolupament  ========\Modules\Entities\Enemies</Filter>
    </ClInclude>
    <ClInclude Include="j1Map.h">
      <Filter>Desenvolupament  ========\Modules\Map</Filter>
    </ClInclude>
    <ClInclude Include="j1Alien.h">
      <Filter>Desenvolupament  ========\Modules\Entities\Enemies</Filter>
    </ClInclude>
    <ClInclude Include="j1Coin.h">
      <Filter>Desenvolupament  ========\Modules\Entities\Items</Filter>
    </ClInclude>
    <ClInclude Include="j1Console.h">
      <Filter>Desenvolupament  ========\Modules\UI</Filter>
    </ClInclude>
    <ClInclude Include="j1Gui.h">
      <Filter>Desenvolupament  ========\Modules\UI</Filter>
    </ClInclude>
    <ClInclude Include="UI.h">
      <Filter>Desenvolupament  ========\Modules\UI</Filter>
    </ClInclude>
    <ClInclude Include="UI_Button.h">
      <Filter>Desenvolupament  ========\Modules\UI</Filter>
    </ClInclude>
    <ClInclude Include="UI_Image.h">
      <Filter>Desenvolupament  ========\Modules\UI</Filter>
    </ClInclude>
    <ClInclude Include="UI_InputBox.h">
      <Filter>Desenvolupament  ========\Modules\UI</Filter>
    </ClInclude>
    <ClInclude Include="UI_Scrollbar.h">
      <Filter>Desenvolupament  ========\Modules\UI</Filter>
    </ClInclude>
    <ClInclude Include="UI_Text.h">
      <Filter>Desenvolupament  ========\Modules\UI</Filter>
    </ClInclude>
    <ClInclude Include="j1Fonts.h">
      <Filter>Desenvolupament  ========\Modules\Multimedia</Filter>
    </ClInclude>
  </ItemGroup>
  <ItemGroup>
    <Xml Include="..\Game\animations.xml">
      <Filter>Desenvolupament  ========\XML Files</Filter>
    </Xml>
    <Xml Include="..\Game\config.xml">
      <Filter>Desenvolupament  ========\XML Files</Filter>
    </Xml>
    <Xml Include="..\Game\save_game.xml">
      <Filter>Desenvolupament  ========\XML Files</Filter>
    </Xml>
  </ItemGroup>
  <ItemGroup>
    <None Include="..\Game\maps\1st Screen2.tmx">
      <Filter>Desenvolupament  ========\XML Files</Filter>
    </None>
    <None Include="..\Game\maps\Test_Map.tmx">
      <Filter>Desenvolupament  ========\XML Files</Filter>
    </None>
  </ItemGroup>
  <ItemGroup>
    <Filter Include="Desenvolupament  ========">
      <UniqueIdentifier>{c4e3aa4e-9b07-4230-801a-bf8770816ac9}</UniqueIdentifier>
    </Filter>
    <Filter Include="Programacio 2 ===========">
      <UniqueIdentifier>{ace2c9ad-ad53-4824-a230-881f6dcabce3}</UniqueIdentifier>
    </Filter>
    <Filter Include="Desenvolupament  ========\Modules">
      <UniqueIdentifier>{0160d731-a168-43fe-9d33-17cfe14ded4b}</UniqueIdentifier>
    </Filter>
    <Filter Include="Desenvolupament  ========\Tools">
      <UniqueIdentifier>{ce22a53a-7afa-459b-9195-af412d2213cd}</UniqueIdentifier>
    </Filter>
    <Filter Include="Desenvolupament  ========\Modules\Entities">
      <UniqueIdentifier>{44d2af4a-f01e-4adb-851a-562cb452e1d9}</UniqueIdentifier>
    </Filter>
    <Filter Include="Desenvolupament  ========\Modules\Entities\Enemies">
      <UniqueIdentifier>{78dcf8be-9063-49b0-a649-aeba797687f9}</UniqueIdentifier>
    </Filter>
    <Filter Include="Desenvolupament  ========\Modules\Entities\Players">
      <UniqueIdentifier>{5eac03f2-1231-40c0-b189-ca1a311ac8d1}</UniqueIdentifier>
    </Filter>
    <Filter Include="Desenvolupament  ========\Tools\PuguiXML">
      <UniqueIdentifier>{edcc3690-592f-4bb9-b993-23146d742d79}</UniqueIdentifier>
    </Filter>
    <Filter Include="Desenvolupament  ========\Core">
      <UniqueIdentifier>{e68a18a2-401d-4e88-9500-c1f805354ef4}</UniqueIdentifier>
    </Filter>
    <Filter Include="Desenvolupament  ========\Modules\Interactions">
      <UniqueIdentifier>{cf73c846-5205-46c2-b047-e3046a31911b}</UniqueIdentifier>
    </Filter>
    <Filter Include="Desenvolupament  ========\Modules\Multimedia">
      <UniqueIdentifier>{15264866-1f65-434b-a574-b872e2272144}</UniqueIdentifier>
    </Filter>
    <Filter Include="Desenvolupament  ========\XML Files">
      <UniqueIdentifier>{a25f4839-5bf5-43fa-8c51-a0dd4ed26bb0}</UniqueIdentifier>
    </Filter>
    <Filter Include="Desenvolupament  ========\Modules\UI">
      <UniqueIdentifier>{9568892c-efcc-4eec-89c1-d01ef8e2d712}</UniqueIdentifier>
    </Filter>
    <Filter Include="Desenvolupament  ========\Modules\Scenes">
      <UniqueIdentifier>{cfefb632-29cd-4a89-a8bf-15893c12df0a}</UniqueIdentifier>
    </Filter>
    <Filter Include="Desenvolupament  ========\Modules\Map">
      <UniqueIdentifier>{3027b9ed-12dc-442e-ab2f-05fb2dcc84f8}</UniqueIdentifier>
    </Filter>
    <Filter Include="Desenvolupament  ========\Sources">
      <UniqueIdentifier>{2c952b81-74fb-4fef-9e28-a7299a9498f7}</UniqueIdentifier>
    </Filter>
    <Filter Include="Desenvolupament  ========\Modules\Entities\Items">
      <UniqueIdentifier>{2221d245-abf6-4795-bb24-3da41d925eca}</UniqueIdentifier>
    </Filter>
  </ItemGroup>
</Project>